lockfileVersion: 5.4

importers:

  .:
    specifiers:
      bun-types: ^0.8.1
      prettier: ^3.0.3
      typescript: ^5.2.2
    devDependencies:
      bun-types: 0.8.1
      prettier: 3.0.3
      typescript: 5.2.2

  packages/core:
    specifiers:
      '@effect/schema': ^0.35.0
      effect: ^2.0.0-next.31
    dependencies:
      '@effect/schema': 0.35.0_v4hj3j2dcr4ynxj4wlaxlucgnu
      effect: 2.0.0-next.31_yjamnopfeejluv6fy2qux6za6a

  packages/http:
    specifiers:
      '@effect/platform-bun': ^0.3.2
      effect: ^2.0.0-next.31
    dependencies:
      '@effect/platform-bun': 0.3.2_ljeyknrn7osom22fdbkxij56oa
      effect: 2.0.0-next.31_yjamnopfeejluv6fy2qux6za6a

packages:

  /@effect/data/0.18.4:
    resolution: {integrity: sha512-qe5D3CWguC1IpLl6T7Og+zHb450X2HH8UK0kQfpCZJw5uOIWhxOjImyF2RZHaTARsrVBxZpU8mKWY6zJNQ4Rqg==}
    dev: false

  /@effect/io/0.40.0_@effect+data@0.18.4:
    resolution: {integrity: sha512-S9qkhFBgjq7TBg3E3CjWOU5/Q8zkynz7wfs0DSIspDPDPJ2rBko+ZCGl1dLzOspVOMX0g4EK4W6vDvW6ogL2Bg==}
    peerDependencies:
      '@effect/data': ^0.18.0
    dependencies:
      '@effect/data': 0.18.4
    dev: false

  /@effect/match/0.35.2_@effect+data@0.18.4:
    resolution: {integrity: sha512-2zZhWIdejX3xqbjormykBveHZTB/DBr/u/XBj5Ln6u2ShbMvoUykgVEscQLN3CsQeHDS14Vvr1DOvH0qeMILZQ==}
    peerDependencies:
      '@effect/data': ^0.18.3
    dependencies:
      '@effect/data': 0.18.4
    dev: false

  /@effect/platform-bun/0.3.2_ljeyknrn7osom22fdbkxij56oa:
    resolution: {integrity: sha512-5OsyEBH2D5dDpWfoxwlOlINRN8SIeyTfzt38Eq/fu+M99JHjPVMybAiz3WkP5dRGTqSKFxi6sEW4VzXvQyvc5Q==}
    peerDependencies:
      '@effect/data': ^0.18.4
      '@effect/io': ^0.40.0
      '@effect/platform-node': ^0.15.1
      '@effect/stream': ^0.36.0
    dependencies:
      '@effect/data': 0.18.4
      '@effect/io': 0.40.0_@effect+data@0.18.4
      '@effect/platform-node': 0.15.1_4nu6qrdwvbfqrqzs3o2letmrh4
      '@effect/stream': 0.36.0_v4hj3j2dcr4ynxj4wlaxlucgnu
    dev: false

  /@effect/platform-node/0.15.1_4nu6qrdwvbfqrqzs3o2letmrh4:
    resolution: {integrity: sha512-/3CQ2lAOudi9ad2luRtGKBX2d4/e8IrKSChQqLTfUp2EPKnHglmhwBCiBVcNNY2PPaAHaLscyxLd9oXNzHZKUw==}
    peerDependencies:
      '@effect/data': ^0.18.4
      '@effect/io': ^0.40.0
      '@effect/platform': ^0.15.1
      '@effect/stream': ^0.36.0
    dependencies:
      '@effect/data': 0.18.4
      '@effect/io': 0.40.0_@effect+data@0.18.4
      '@effect/platform': 0.15.1_h537e5gm5tytbgilvgkezycv4a
      '@effect/stream': 0.36.0_v4hj3j2dcr4ynxj4wlaxlucgnu
      busboy: 1.6.0
      mime: 3.0.0
    dev: false

  /@effect/platform/0.15.1_h537e5gm5tytbgilvgkezycv4a:
    resolution: {integrity: sha512-y8T9vQmO8IZHRXfw/BLCeYvgTOd5G8p1TU7T/+TNbAsMAdzPyd4KMepotMlT1ThmWkstUP1EEwH/B9ASouwe6A==}
    peerDependencies:
      '@effect/data': ^0.18.4
      '@effect/io': ^0.40.0
      '@effect/schema': ^0.35.0
      '@effect/stream': ^0.36.0
    dependencies:
      '@effect/data': 0.18.4
      '@effect/io': 0.40.0_@effect+data@0.18.4
      '@effect/schema': 0.35.0_v4hj3j2dcr4ynxj4wlaxlucgnu
      '@effect/stream': 0.36.0_v4hj3j2dcr4ynxj4wlaxlucgnu
      find-my-way: 7.6.2
      path-browserify: 1.0.1
    dev: false

  /@effect/schema/0.35.0_v4hj3j2dcr4ynxj4wlaxlucgnu:
    resolution: {integrity: sha512-NRlBGW/L1z9mi9M2U1YudD5rMOHm/IvIsL7CT2r8d2oDKuM4iY+R/43IV5lfi458nwtDBn60StzG9t5SPHwL3w==}
    peerDependencies:
      '@effect/data': ^0.18.3
      '@effect/io': ^0.40.0
    dependencies:
      '@effect/data': 0.18.4
      '@effect/io': 0.40.0_@effect+data@0.18.4
      fast-check: 3.12.1
    dev: false

  /@effect/stm/0.24.0_v4hj3j2dcr4ynxj4wlaxlucgnu:
    resolution: {integrity: sha512-6L4zhy2lvkxn3jMG7dvZ4lKOmxSvaNBpkIT/ZOS6mad+B5/r8G3bKFe0C70aHwpQkxORd9LVmFr/f5MXLKZtfQ==}
    peerDependencies:
      '@effect/data': ^0.18.3
      '@effect/io': ^0.40.0
    dependencies:
      '@effect/data': 0.18.4
      '@effect/io': 0.40.0_@effect+data@0.18.4
    dev: false

  /@effect/stream/0.36.0_v4hj3j2dcr4ynxj4wlaxlucgnu:
    resolution: {integrity: sha512-vAMQ3kumsAXAiAwtuzJEOeII2bAB9rNY1NLYOqpgvXVWTUIYQf/wy4QbbcLXLuoMUUi7zS/JDVmC8jbPscfLNg==}
    peerDependencies:
      '@effect/data': ^0.18.3
      '@effect/io': ^0.40.0
    dependencies:
      '@effect/data': 0.18.4
      '@effect/io': 0.40.0_@effect+data@0.18.4
    dev: false

  /bun-types/0.8.1:
    resolution: {integrity: sha512-VuCBox66P/3a8gVOffLCWIS6vdpXq4y3eJuF3VnsyC5HpykmIjkcr5wYDn22qQdeTUmOfCcBy1SZmtrZCeUr3A==}
    dev: true

  /busboy/1.6.0:
    resolution: {integrity: sha512-8SFQbg/0hQ9xy3UNTB0YEnsNBbWfhf7RtnzpL7TkBiTBRfrQ9Fxcnz7VJsleJpyp6rVLvXiuORqjlHi5q+PYuA==}
    engines: {node: '>=10.16.0'}
    dependencies:
      streamsearch: 1.1.0
    dev: false

  /effect/2.0.0-next.31_yjamnopfeejluv6fy2qux6za6a:
    resolution: {integrity: sha512-08bGtfQbd9e25AZvOavquEifcGEWn4f46ucJ2cgB97PsmlTa/+SrD81apLfeE+47meawnfwabSboYP/HFKZByA==}
    peerDependencies:
      '@effect/data': ^0.18.4
      '@effect/io': ^0.40.0
      '@effect/match': ^0.35.2
      '@effect/stm': ^0.24.0
      '@effect/stream': ^0.36.0
    dependencies:
      '@effect/data': 0.18.4
      '@effect/io': 0.40.0_@effect+data@0.18.4
      '@effect/match': 0.35.2_@effect+data@0.18.4
      '@effect/stm': 0.24.0_v4hj3j2dcr4ynxj4wlaxlucgnu
      '@effect/stream': 0.36.0_v4hj3j2dcr4ynxj4wlaxlucgnu
    dev: false

  /fast-check/3.12.1:
    resolution: {integrity: sha512-aRN6WrO+q3TZV8CjXnpebx9bTHrpYIOVi6v3ttxciZiWqS739yy8b1oVx+qNEyV1b8RdVjlp/+miTY6yAp90HA==}
    engines: {node: '>=8.0.0'}
    dependencies:
      pure-rand: 6.0.3
    dev: false

  /fast-decode-uri-component/1.0.1:
    resolution: {integrity: sha512-WKgKWg5eUxvRZGwW8FvfbaH7AXSh2cL+3j5fMGzUMCxWBJ3dV3a7Wz8y2f/uQ0e3B6WmodD3oS54jTQ9HVTIIg==}
    dev: false

  /fast-deep-equal/3.1.3:
    resolution: {integrity: sha512-f3qQ9oQy9j2AhBe/H9VC91wLmKBCCU/gDOnKNAYG5hswO7BLKj09Hc5HYNz9cGI++xlpDCIgDaitVs03ATR84Q==}
    dev: false

  /fast-querystring/1.1.2:
    resolution: {integrity: sha512-g6KuKWmFXc0fID8WWH0jit4g0AGBoJhCkJMb1RmbsSEUNvQ+ZC8D6CUZ+GtF8nMzSPXnhiePyyqqipzNNEnHjg==}
    dependencies:
      fast-decode-uri-component: 1.0.1
    dev: false

  /find-my-way/7.6.2:
    resolution: {integrity: sha512-0OjHn1b1nCX3eVbm9ByeEHiscPYiHLfhei1wOUU9qffQkk98wE0Lo8VrVYfSGMgnSnDh86DxedduAnBf4nwUEw==}
    engines: {node: '>=14'}
    dependencies:
      fast-deep-equal: 3.1.3
      fast-querystring: 1.1.2
      safe-regex2: 2.0.0
    dev: false

  /mime/3.0.0:
    resolution: {integrity: sha512-jSCU7/VB1loIWBZe14aEYHU/+1UMEHoaO7qxCOVJOw9GgH72VAWppxNcjU+x9a2k3GSIBXNKxXQFqRvvZ7vr3A==}
    engines: {node: '>=10.0.0'}
    hasBin: true
    dev: false

  /path-browserify/1.0.1:
    resolution: {integrity: sha512-b7uo2UCUOYZcnF/3ID0lulOJi/bafxa1xPe7ZPsammBSpjSWQkjNxlt635YGS2MiR9GjvuXCtz2emr3jbsz98g==}
    dev: false

  /prettier/3.0.3:
    resolution: {integrity: sha512-L/4pUDMxcNa8R/EthV08Zt42WBO4h1rarVtK0K+QJG0X187OLo7l699jWw0GKuwzkPQ//jMFA/8Xm6Fh3J/DAg==}
    engines: {node: '>=14'}
    hasBin: true
    dev: true

  /pure-rand/6.0.3:
    resolution: {integrity: sha512-KddyFewCsO0j3+np81IQ+SweXLDnDQTs5s67BOnrYmYe/yNmUhttQyGsYzy8yUnoljGAQ9sl38YB4vH8ur7Y+w==}
    dev: false

  /ret/0.2.2:
    resolution: {integrity: sha512-M0b3YWQs7R3Z917WRQy1HHA7Ba7D8hvZg6UE5mLykJxQVE2ju0IXbGlaHPPlkY+WN7wFP+wUMXmBFA0aV6vYGQ==}
    engines: {node: '>=4'}
    dev: false

  /safe-regex2/2.0.0:
    resolution: {integrity: sha512-PaUSFsUaNNuKwkBijoAPHAK6/eM6VirvyPWlZ7BAQy4D+hCvh4B6lIG+nPdhbFfIbP+gTGBcrdsOaUs0F+ZBOQ==}
    dependencies:
      ret: 0.2.2
    dev: false

  /streamsearch/1.1.0:
    resolution: {integrity: sha512-Mcc5wHehp9aXz1ax6bZUyY5afg9u2rv5cqQI3mRrYkGC8rW2hM02jWuwjtL++LS5qinSyhj2QfLyNsuc+VsExg==}
    engines: {node: '>=10.0.0'}
    dev: false

  /typescript/5.2.2:
    resolution: {integrity: sha512-mI4WrpHsbCIcwT9cF4FZvr80QUeKvsUsUvKDoR+X/7XHQH98xYD8YHZg7ANtz2GtZt/CBq2QJ0thkGJMHfqc1w==}
    engines: {node: '>=14.17'}
    hasBin: true
    dev: true
