lockfileVersion: '6.0'

settings:
  autoInstallPeers: true
  excludeLinksFromLockfile: false

importers:

  .:
    devDependencies:
      bun-types:
        specifier: ^1.0.7
        version: 1.0.7
      prettier:
        specifier: ^3.0.3
        version: 3.0.3
      typescript:
        specifier: ^5.2.2
        version: 5.2.2

  packages/core:
    dependencies:
      '@effect/schema':
        specifier: ^0.46.3
        version: 0.46.3(effect@2.0.0-next.52)(fast-check@3.13.2)
      effect:
        specifier: 2.0.0-next.52
        version: 2.0.0-next.52

  packages/http:
    dependencies:
      '@app/core':
        specifier: workspace:^
        version: link:../core
      '@effect/platform-bun':
        specifier: ^0.15.4
        version: 0.15.4(@effect/schema@0.46.3)(effect@2.0.0-next.52)
      effect:
        specifier: 2.0.0-next.52
        version: 2.0.0-next.52

packages:

  /@effect/platform-bun@0.15.4(@effect/schema@0.46.3)(effect@2.0.0-next.52):
    resolution: {integrity: sha512-KlQC2+Pay/Q4F338DpxRdMnjl1zUof2tuRvg6vqu/20WscSqm3gVjZ6JyoMjcfD4e1waKuaqNUQyQmMndU8plA==}
    peerDependencies:
      effect: 2.0.0-next.52
    dependencies:
      '@effect/platform': 0.26.2(@effect/schema@0.46.3)(effect@2.0.0-next.52)
      '@effect/platform-node': 0.27.4(@effect/schema@0.46.3)(effect@2.0.0-next.52)
      effect: 2.0.0-next.52
    transitivePeerDependencies:
      - '@effect/schema'
    dev: false

  /@effect/platform-node@0.27.4(@effect/schema@0.46.3)(effect@2.0.0-next.52):
    resolution: {integrity: sha512-tXn7cZ4bQDMmngbsudI/6l+LPXGT6Im++YeRtkY6DkYOcmaSQL5OaK+N2Lb1jdujaDdDLyvOkTdTkluV91mRWA==}
    engines: {node: '>=18.0.0'}
    peerDependencies:
      effect: 2.0.0-next.52
    dependencies:
      '@effect/platform': 0.26.2(@effect/schema@0.46.3)(effect@2.0.0-next.52)
      busboy: 1.6.0
      effect: 2.0.0-next.52
      mime: 3.0.0
    transitivePeerDependencies:
      - '@effect/schema'
    dev: false

  /@effect/platform@0.26.2(@effect/schema@0.46.3)(effect@2.0.0-next.52):
    resolution: {integrity: sha512-eQif6w4f9IjdhbJtRw4fA3itgANPVzdRtpq5P8z6NupJbJ9EMq/Sfc8yyyypy1A8tfoIRgTxtVN6R7ZvbY1+vg==}
    peerDependencies:
      '@effect/schema': ^0.46.1
      effect: 2.0.0-next.52
    dependencies:
      '@effect/schema': 0.46.3(effect@2.0.0-next.52)(fast-check@3.13.2)
      effect: 2.0.0-next.52
      find-my-way: 7.7.0
      path-browserify: 1.0.1
    dev: false

  /@effect/schema@0.46.3(effect@2.0.0-next.52)(fast-check@3.13.2):
    resolution: {integrity: sha512-M8yfdlylsNPc823wN+M8FxGKHrBXAij15yT2JxWo3dTO+DHky+dd6+DVzrF/ArVyl9qWxTMnRIlwd5LIBhb4xw==}
    peerDependencies:
      effect: 2.0.0-next.52
      fast-check: ^3.13.2
    dependencies:
      effect: 2.0.0-next.52
      fast-check: 3.13.2
    dev: false

  /bun-types@1.0.7:
    resolution: {integrity: sha512-zlIp+SCutbbugs6xDy+3WC3KO3zKySpF/bRfiTk/VJUdKt+WHAzlCtLplS7XglRYDFzhRhlzXMW/R5BHkw+u2Q==}
    dev: true

  /busboy@1.6.0:
    resolution: {integrity: sha512-8SFQbg/0hQ9xy3UNTB0YEnsNBbWfhf7RtnzpL7TkBiTBRfrQ9Fxcnz7VJsleJpyp6rVLvXiuORqjlHi5q+PYuA==}
    engines: {node: '>=10.16.0'}
    dependencies:
      streamsearch: 1.1.0
    dev: false

  /effect@2.0.0-next.52:
    resolution: {integrity: sha512-6VmmfS6xyOZsJRT0hcEsMx03HxXSeG/VmcniDvVw0nzBudlu+4qUvj8GBGYVFVgJfKcISSRey0tzfO9HXIzApg==}
    dev: false

  /fast-check@3.13.2:
    resolution: {integrity: sha512-ouTiFyeMoqmNg253xqy4NSacr5sHxH6pZpLOaHgaAdgZxFWdtsfxExwolpveoAE9CJdV+WYjqErNGef6SqA5Mg==}
    engines: {node: '>=8.0.0'}
    dependencies:
      pure-rand: 6.0.4
    dev: false

  /fast-decode-uri-component@1.0.1:
    resolution: {integrity: sha512-WKgKWg5eUxvRZGwW8FvfbaH7AXSh2cL+3j5fMGzUMCxWBJ3dV3a7Wz8y2f/uQ0e3B6WmodD3oS54jTQ9HVTIIg==}
    dev: false

  /fast-deep-equal@3.1.3:
    resolution: {integrity: sha512-f3qQ9oQy9j2AhBe/H9VC91wLmKBCCU/gDOnKNAYG5hswO7BLKj09Hc5HYNz9cGI++xlpDCIgDaitVs03ATR84Q==}
    dev: false

  /fast-querystring@1.1.2:
    resolution: {integrity: sha512-g6KuKWmFXc0fID8WWH0jit4g0AGBoJhCkJMb1RmbsSEUNvQ+ZC8D6CUZ+GtF8nMzSPXnhiePyyqqipzNNEnHjg==}
    dependencies:
      fast-decode-uri-component: 1.0.1
    dev: false

  /find-my-way@7.7.0:
    resolution: {integrity: sha512-+SrHpvQ52Q6W9f3wJoJBbAQULJuNEEQwBvlvYwACDhBTLOTMiQ0HYWh4+vC3OivGP2ENcTI1oKlFA2OepJNjhQ==}
    engines: {node: '>=14'}
    dependencies:
      fast-deep-equal: 3.1.3
      fast-querystring: 1.1.2
      safe-regex2: 2.0.0
    dev: false

  /mime@3.0.0:
    resolution: {integrity: sha512-jSCU7/VB1loIWBZe14aEYHU/+1UMEHoaO7qxCOVJOw9GgH72VAWppxNcjU+x9a2k3GSIBXNKxXQFqRvvZ7vr3A==}
    engines: {node: '>=10.0.0'}
    hasBin: true
    dev: false

  /path-browserify@1.0.1:
    resolution: {integrity: sha512-b7uo2UCUOYZcnF/3ID0lulOJi/bafxa1xPe7ZPsammBSpjSWQkjNxlt635YGS2MiR9GjvuXCtz2emr3jbsz98g==}
    dev: false

  /prettier@3.0.3:
    resolution: {integrity: sha512-L/4pUDMxcNa8R/EthV08Zt42WBO4h1rarVtK0K+QJG0X187OLo7l699jWw0GKuwzkPQ//jMFA/8Xm6Fh3J/DAg==}
    engines: {node: '>=14'}
    hasBin: true
    dev: true

  /pure-rand@6.0.4:
    resolution: {integrity: sha512-LA0Y9kxMYv47GIPJy6MI84fqTd2HmYZI83W/kM/SkKfDlajnZYfmXFTxkbY+xSBPkLJxltMa9hIkmdc29eguMA==}
    dev: false

  /ret@0.2.2:
    resolution: {integrity: sha512-M0b3YWQs7R3Z917WRQy1HHA7Ba7D8hvZg6UE5mLykJxQVE2ju0IXbGlaHPPlkY+WN7wFP+wUMXmBFA0aV6vYGQ==}
    engines: {node: '>=4'}
    dev: false

  /safe-regex2@2.0.0:
    resolution: {integrity: sha512-PaUSFsUaNNuKwkBijoAPHAK6/eM6VirvyPWlZ7BAQy4D+hCvh4B6lIG+nPdhbFfIbP+gTGBcrdsOaUs0F+ZBOQ==}
    dependencies:
      ret: 0.2.2
    dev: false

  /streamsearch@1.1.0:
    resolution: {integrity: sha512-Mcc5wHehp9aXz1ax6bZUyY5afg9u2rv5cqQI3mRrYkGC8rW2hM02jWuwjtL++LS5qinSyhj2QfLyNsuc+VsExg==}
    engines: {node: '>=10.0.0'}
    dev: false

  /typescript@5.2.2:
    resolution: {integrity: sha512-mI4WrpHsbCIcwT9cF4FZvr80QUeKvsUsUvKDoR+X/7XHQH98xYD8YHZg7ANtz2GtZt/CBq2QJ0thkGJMHfqc1w==}
    engines: {node: '>=14.17'}
    hasBin: true
    dev: true
